
Microsoft Visual Studio Solution File, Format Version 12.00
# Visual Studio 2012
Project("{FAE04EC0-301F-11D3-BF4B-00C04F79EFBC}") = "Paper", "Paper\Paper.csproj", "{8029BC14-225A-4353-A861-28064916930F}"
EndProject
Project("{FAE04EC0-301F-11D3-BF4B-00C04F79EFBC}") = "Paper.iOS", "iOS\Paper.iOS.csproj", "{D6924A3D-0E5F-4DE4-8DE5-7A7F58938939}"
EndProject
Project("{FAE04EC0-301F-11D3-BF4B-00C04F79EFBC}") = "Paper.Droid", "Droid\Paper.Droid.csproj", "{6CCA4CB1-B301-4B19-A2C5-021F88856BFA}"
EndProject
Project("{FAE04EC0-301F-11D3-BF4B-00C04F79EFBC}") = "Model_shop", "..\Model_shop\Model_shop\Model_shop.csproj", "{00F61723-A18B-45A9-9F10-749A04442F27}"
EndProject
Project("{FAE04EC0-301F-11D3-BF4B-00C04F79EFBC}") = "MidTier", "..\test2\test2_mid\MidTier.csproj", "{CAC1ECF4-DEA0-4175-B6B3-9E31E1B410E4}"
EndProject
Project("{FAE04EC0-301F-11D3-BF4B-00C04F79EFBC}") = "PaperGeneral", "PaperGeneral\PaperGeneral.csproj", "{7DD3EE26-7419-4A33-B228-5F5BB194CCBC}"
EndProject
Project("{FAE04EC0-301F-11D3-BF4B-00C04F79EFBC}") = "SqlWrapper", "..\SqlWrapper\SqlWrapper\SqlWrapper.csproj", "{D80F7684-C472-4A56-88B6-62689FE5171A}"
EndProject
Project("{FAE04EC0-301F-11D3-BF4B-00C04F79EFBC}") = "Test_Rig", "Test_Rig\Test_Rig.csproj", "{F1045F7F-13FE-43CD-A751-4677BEBC28F8}"
EndProject
Project("{FAE04EC0-301F-11D3-BF4B-00C04F79EFBC}") = "The_Model", "The_Model\The_Model.csproj", "{983CB903-A04B-4605-92A4-81D7929BF65E}"
EndProject
Global
	GlobalSection(SolutionConfigurationPlatforms) = preSolution
		Debug|Any CPU = Debug|Any CPU
		Release|Any CPU = Release|Any CPU
		Debug|iPhoneSimulator = Debug|iPhoneSimulator
		Release|iPhone = Release|iPhone
		Release|iPhoneSimulator = Release|iPhoneSimulator
		Debug|iPhone = Debug|iPhone
		Debug|x86 = Debug|x86
		Release|x86 = Release|x86
		Three Tier|Any CPU = Three Tier|Any CPU
		testMidTier|Any CPU = testMidTier|Any CPU
	EndGlobalSection
	GlobalSection(ProjectConfigurationPlatforms) = postSolution
		{8029BC14-225A-4353-A861-28064916930F}.Debug|Any CPU.ActiveCfg = Debug|Any CPU
		{8029BC14-225A-4353-A861-28064916930F}.Debug|Any CPU.Build.0 = Debug|Any CPU
		{8029BC14-225A-4353-A861-28064916930F}.Release|Any CPU.ActiveCfg = Release|Any CPU
		{8029BC14-225A-4353-A861-28064916930F}.Release|Any CPU.Build.0 = Release|Any CPU
		{8029BC14-225A-4353-A861-28064916930F}.Debug|iPhoneSimulator.ActiveCfg = Debug|Any CPU
		{8029BC14-225A-4353-A861-28064916930F}.Debug|iPhoneSimulator.Build.0 = Debug|Any CPU
		{8029BC14-225A-4353-A861-28064916930F}.Release|iPhone.ActiveCfg = Release|Any CPU
		{8029BC14-225A-4353-A861-28064916930F}.Release|iPhone.Build.0 = Release|Any CPU
		{8029BC14-225A-4353-A861-28064916930F}.Release|iPhoneSimulator.ActiveCfg = Release|Any CPU
		{8029BC14-225A-4353-A861-28064916930F}.Release|iPhoneSimulator.Build.0 = Release|Any CPU
		{8029BC14-225A-4353-A861-28064916930F}.Debug|iPhone.ActiveCfg = Debug|Any CPU
		{8029BC14-225A-4353-A861-28064916930F}.Debug|iPhone.Build.0 = Debug|Any CPU
		{8029BC14-225A-4353-A861-28064916930F}.Debug|x86.ActiveCfg = Debug|Any CPU
		{8029BC14-225A-4353-A861-28064916930F}.Debug|x86.Build.0 = Debug|Any CPU
		{8029BC14-225A-4353-A861-28064916930F}.Release|x86.ActiveCfg = Release|Any CPU
		{8029BC14-225A-4353-A861-28064916930F}.Release|x86.Build.0 = Release|Any CPU
		{8029BC14-225A-4353-A861-28064916930F}.testMidTier|Any CPU.ActiveCfg = testMidTier|Any CPU
		{D6924A3D-0E5F-4DE4-8DE5-7A7F58938939}.Debug|Any CPU.ActiveCfg = Debug|iPhoneSimulator
		{D6924A3D-0E5F-4DE4-8DE5-7A7F58938939}.Debug|Any CPU.Build.0 = Debug|iPhoneSimulator
		{D6924A3D-0E5F-4DE4-8DE5-7A7F58938939}.Release|Any CPU.ActiveCfg = Release|iPhone
		{D6924A3D-0E5F-4DE4-8DE5-7A7F58938939}.Release|Any CPU.Build.0 = Release|iPhone
		{D6924A3D-0E5F-4DE4-8DE5-7A7F58938939}.Debug|iPhoneSimulator.ActiveCfg = Debug|iPhoneSimulator
		{D6924A3D-0E5F-4DE4-8DE5-7A7F58938939}.Debug|iPhoneSimulator.Build.0 = Debug|iPhoneSimulator
		{D6924A3D-0E5F-4DE4-8DE5-7A7F58938939}.Release|iPhone.ActiveCfg = Release|iPhone
		{D6924A3D-0E5F-4DE4-8DE5-7A7F58938939}.Release|iPhone.Build.0 = Release|iPhone
		{D6924A3D-0E5F-4DE4-8DE5-7A7F58938939}.Release|iPhoneSimulator.ActiveCfg = Release|iPhoneSimulator
		{D6924A3D-0E5F-4DE4-8DE5-7A7F58938939}.Release|iPhoneSimulator.Build.0 = Release|iPhoneSimulator
		{D6924A3D-0E5F-4DE4-8DE5-7A7F58938939}.Debug|iPhone.ActiveCfg = Debug|iPhone
		{D6924A3D-0E5F-4DE4-8DE5-7A7F58938939}.Debug|iPhone.Build.0 = Debug|iPhone
		{D6924A3D-0E5F-4DE4-8DE5-7A7F58938939}.Debug|x86.ActiveCfg = Debug|iPhoneSimulator
		{D6924A3D-0E5F-4DE4-8DE5-7A7F58938939}.Debug|x86.Build.0 = Debug|iPhoneSimulator
		{D6924A3D-0E5F-4DE4-8DE5-7A7F58938939}.Release|x86.ActiveCfg = Release|iPhone
		{D6924A3D-0E5F-4DE4-8DE5-7A7F58938939}.Release|x86.Build.0 = Release|iPhone
		{D6924A3D-0E5F-4DE4-8DE5-7A7F58938939}.testMidTier|Any CPU.ActiveCfg = testMidTier|Any CPU
		{6CCA4CB1-B301-4B19-A2C5-021F88856BFA}.Debug|Any CPU.ActiveCfg = Debug|Any CPU
		{6CCA4CB1-B301-4B19-A2C5-021F88856BFA}.Debug|Any CPU.Build.0 = Debug|Any CPU
		{6CCA4CB1-B301-4B19-A2C5-021F88856BFA}.Release|Any CPU.ActiveCfg = Release|Any CPU
		{6CCA4CB1-B301-4B19-A2C5-021F88856BFA}.Release|Any CPU.Build.0 = Release|Any CPU
		{6CCA4CB1-B301-4B19-A2C5-021F88856BFA}.Debug|iPhoneSimulator.ActiveCfg = Debug|Any CPU
		{6CCA4CB1-B301-4B19-A2C5-021F88856BFA}.Debug|iPhoneSimulator.Build.0 = Debug|Any CPU
		{6CCA4CB1-B301-4B19-A2C5-021F88856BFA}.Release|iPhone.ActiveCfg = Release|Any CPU
		{6CCA4CB1-B301-4B19-A2C5-021F88856BFA}.Release|iPhone.Build.0 = Release|Any CPU
		{6CCA4CB1-B301-4B19-A2C5-021F88856BFA}.Release|iPhoneSimulator.ActiveCfg = Release|Any CPU
		{6CCA4CB1-B301-4B19-A2C5-021F88856BFA}.Release|iPhoneSimulator.Build.0 = Release|Any CPU
		{6CCA4CB1-B301-4B19-A2C5-021F88856BFA}.Debug|iPhone.ActiveCfg = Debug|Any CPU
		{6CCA4CB1-B301-4B19-A2C5-021F88856BFA}.Debug|iPhone.Build.0 = Debug|Any CPU
		{6CCA4CB1-B301-4B19-A2C5-021F88856BFA}.Debug|x86.ActiveCfg = Debug|Any CPU
		{6CCA4CB1-B301-4B19-A2C5-021F88856BFA}.Debug|x86.Build.0 = Debug|Any CPU
		{6CCA4CB1-B301-4B19-A2C5-021F88856BFA}.Release|x86.ActiveCfg = Release|Any CPU
		{6CCA4CB1-B301-4B19-A2C5-021F88856BFA}.Release|x86.Build.0 = Release|Any CPU
		{6CCA4CB1-B301-4B19-A2C5-021F88856BFA}.testMidTier|Any CPU.ActiveCfg = testMidTier|Any CPU
		{00F61723-A18B-45A9-9F10-749A04442F27}.Debug|Any CPU.ActiveCfg = Debug|x86
		{00F61723-A18B-45A9-9F10-749A04442F27}.Debug|Any CPU.Build.0 = Debug|x86
		{00F61723-A18B-45A9-9F10-749A04442F27}.Release|Any CPU.ActiveCfg = Release|x86
		{00F61723-A18B-45A9-9F10-749A04442F27}.Release|Any CPU.Build.0 = Release|x86
		{00F61723-A18B-45A9-9F10-749A04442F27}.Debug|iPhoneSimulator.ActiveCfg = Debug|x86
		{00F61723-A18B-45A9-9F10-749A04442F27}.Debug|iPhoneSimulator.Build.0 = Debug|x86
		{00F61723-A18B-45A9-9F10-749A04442F27}.Release|iPhone.ActiveCfg = Release|x86
		{00F61723-A18B-45A9-9F10-749A04442F27}.Release|iPhone.Build.0 = Release|x86
		{00F61723-A18B-45A9-9F10-749A04442F27}.Release|iPhoneSimulator.ActiveCfg = Release|x86
		{00F61723-A18B-45A9-9F10-749A04442F27}.Release|iPhoneSimulator.Build.0 = Release|x86
		{00F61723-A18B-45A9-9F10-749A04442F27}.Debug|iPhone.ActiveCfg = Debug|x86
		{00F61723-A18B-45A9-9F10-749A04442F27}.Debug|iPhone.Build.0 = Debug|x86
		{00F61723-A18B-45A9-9F10-749A04442F27}.Debug|x86.ActiveCfg = Debug|x86
		{00F61723-A18B-45A9-9F10-749A04442F27}.Debug|x86.Build.0 = Debug|x86
		{00F61723-A18B-45A9-9F10-749A04442F27}.Release|x86.ActiveCfg = Release|x86
		{00F61723-A18B-45A9-9F10-749A04442F27}.Release|x86.Build.0 = Release|x86
		{00F61723-A18B-45A9-9F10-749A04442F27}.testMidTier|Any CPU.ActiveCfg = testMidTier|Any CPU
		{CAC1ECF4-DEA0-4175-B6B3-9E31E1B410E4}.Debug|Any CPU.ActiveCfg = Debug|Any CPU
		{CAC1ECF4-DEA0-4175-B6B3-9E31E1B410E4}.Debug|Any CPU.Build.0 = Debug|Any CPU
		{CAC1ECF4-DEA0-4175-B6B3-9E31E1B410E4}.Release|Any CPU.ActiveCfg = Release|Any CPU
		{CAC1ECF4-DEA0-4175-B6B3-9E31E1B410E4}.Release|Any CPU.Build.0 = Release|Any CPU
		{CAC1ECF4-DEA0-4175-B6B3-9E31E1B410E4}.Debug|iPhoneSimulator.ActiveCfg = Debug|Any CPU
		{CAC1ECF4-DEA0-4175-B6B3-9E31E1B410E4}.Debug|iPhoneSimulator.Build.0 = Debug|Any CPU
		{CAC1ECF4-DEA0-4175-B6B3-9E31E1B410E4}.Release|iPhone.ActiveCfg = Release|Any CPU
		{CAC1ECF4-DEA0-4175-B6B3-9E31E1B410E4}.Release|iPhone.Build.0 = Release|Any CPU
		{CAC1ECF4-DEA0-4175-B6B3-9E31E1B410E4}.Release|iPhoneSimulator.ActiveCfg = Release|Any CPU
		{CAC1ECF4-DEA0-4175-B6B3-9E31E1B410E4}.Release|iPhoneSimulator.Build.0 = Release|Any CPU
		{CAC1ECF4-DEA0-4175-B6B3-9E31E1B410E4}.Debug|iPhone.ActiveCfg = Debug|Any CPU
		{CAC1ECF4-DEA0-4175-B6B3-9E31E1B410E4}.Debug|iPhone.Build.0 = Debug|Any CPU
		{CAC1ECF4-DEA0-4175-B6B3-9E31E1B410E4}.Debug|x86.ActiveCfg = Debug|Any CPU
		{CAC1ECF4-DEA0-4175-B6B3-9E31E1B410E4}.Debug|x86.Build.0 = Debug|Any CPU
		{CAC1ECF4-DEA0-4175-B6B3-9E31E1B410E4}.Release|x86.ActiveCfg = Release|Any CPU
		{CAC1ECF4-DEA0-4175-B6B3-9E31E1B410E4}.Release|x86.Build.0 = Release|Any CPU
		{CAC1ECF4-DEA0-4175-B6B3-9E31E1B410E4}.testMidTier|Any CPU.ActiveCfg = testMidTier|Any CPU
		{CAC1ECF4-DEA0-4175-B6B3-9E31E1B410E4}.testMidTier|Any CPU.Build.0 = testMidTier|Any CPU
		{7DD3EE26-7419-4A33-B228-5F5BB194CCBC}.Debug|Any CPU.ActiveCfg = Debug|Any CPU
		{7DD3EE26-7419-4A33-B228-5F5BB194CCBC}.Debug|Any CPU.Build.0 = Debug|Any CPU
		{7DD3EE26-7419-4A33-B228-5F5BB194CCBC}.Release|Any CPU.ActiveCfg = Release|Any CPU
		{7DD3EE26-7419-4A33-B228-5F5BB194CCBC}.Release|Any CPU.Build.0 = Release|Any CPU
		{7DD3EE26-7419-4A33-B228-5F5BB194CCBC}.Debug|iPhoneSimulator.ActiveCfg = Debug|Any CPU
		{7DD3EE26-7419-4A33-B228-5F5BB194CCBC}.Debug|iPhoneSimulator.Build.0 = Debug|Any CPU
		{7DD3EE26-7419-4A33-B228-5F5BB194CCBC}.Release|iPhone.ActiveCfg = Release|Any CPU
		{7DD3EE26-7419-4A33-B228-5F5BB194CCBC}.Release|iPhone.Build.0 = Release|Any CPU
		{7DD3EE26-7419-4A33-B228-5F5BB194CCBC}.Release|iPhoneSimulator.ActiveCfg = Release|Any CPU
		{7DD3EE26-7419-4A33-B228-5F5BB194CCBC}.Release|iPhoneSimulator.Build.0 = Release|Any CPU
		{7DD3EE26-7419-4A33-B228-5F5BB194CCBC}.Debug|iPhone.ActiveCfg = Debug|Any CPU
		{7DD3EE26-7419-4A33-B228-5F5BB194CCBC}.Debug|iPhone.Build.0 = Debug|Any CPU
		{7DD3EE26-7419-4A33-B228-5F5BB194CCBC}.Debug|x86.ActiveCfg = Debug|Any CPU
		{7DD3EE26-7419-4A33-B228-5F5BB194CCBC}.Debug|x86.Build.0 = Debug|Any CPU
		{7DD3EE26-7419-4A33-B228-5F5BB194CCBC}.Release|x86.ActiveCfg = Release|Any CPU
		{7DD3EE26-7419-4A33-B228-5F5BB194CCBC}.Release|x86.Build.0 = Release|Any CPU
		{7DD3EE26-7419-4A33-B228-5F5BB194CCBC}.Three Tier|Any CPU.ActiveCfg = Debug|Any CPU
		{7DD3EE26-7419-4A33-B228-5F5BB194CCBC}.Three Tier|Any CPU.Build.0 = Debug|Any CPU
		{7DD3EE26-7419-4A33-B228-5F5BB194CCBC}.testMidTier|Any CPU.ActiveCfg = testMidTier|Any CPU
		{7DD3EE26-7419-4A33-B228-5F5BB194CCBC}.testMidTier|Any CPU.Build.0 = testMidTier|Any CPU
		{D80F7684-C472-4A56-88B6-62689FE5171A}.Debug|Any CPU.ActiveCfg = Debug|Any CPU
		{D80F7684-C472-4A56-88B6-62689FE5171A}.Debug|Any CPU.Build.0 = Debug|Any CPU
		{D80F7684-C472-4A56-88B6-62689FE5171A}.Release|Any CPU.ActiveCfg = Release|Any CPU
		{D80F7684-C472-4A56-88B6-62689FE5171A}.Release|Any CPU.Build.0 = Release|Any CPU
		{D80F7684-C472-4A56-88B6-62689FE5171A}.Debug|iPhoneSimulator.ActiveCfg = Debug|Any CPU
		{D80F7684-C472-4A56-88B6-62689FE5171A}.Debug|iPhoneSimulator.Build.0 = Debug|Any CPU
		{D80F7684-C472-4A56-88B6-62689FE5171A}.Release|iPhone.ActiveCfg = Release|Any CPU
		{D80F7684-C472-4A56-88B6-62689FE5171A}.Release|iPhone.Build.0 = Release|Any CPU
		{D80F7684-C472-4A56-88B6-62689FE5171A}.Release|iPhoneSimulator.ActiveCfg = Release|Any CPU
		{D80F7684-C472-4A56-88B6-62689FE5171A}.Release|iPhoneSimulator.Build.0 = Release|Any CPU
		{D80F7684-C472-4A56-88B6-62689FE5171A}.Debug|iPhone.ActiveCfg = Debug|Any CPU
		{D80F7684-C472-4A56-88B6-62689FE5171A}.Debug|iPhone.Build.0 = Debug|Any CPU
		{D80F7684-C472-4A56-88B6-62689FE5171A}.Debug|x86.ActiveCfg = Debug|Any CPU
		{D80F7684-C472-4A56-88B6-62689FE5171A}.Debug|x86.Build.0 = Debug|Any CPU
		{D80F7684-C472-4A56-88B6-62689FE5171A}.Release|x86.ActiveCfg = Release|Any CPU
		{D80F7684-C472-4A56-88B6-62689FE5171A}.Release|x86.Build.0 = Release|Any CPU
		{D80F7684-C472-4A56-88B6-62689FE5171A}.Three Tier|Any CPU.ActiveCfg = Debug|Any CPU
		{D80F7684-C472-4A56-88B6-62689FE5171A}.Three Tier|Any CPU.Build.0 = Debug|Any CPU
		{D80F7684-C472-4A56-88B6-62689FE5171A}.testMidTier|Any CPU.ActiveCfg = testMidTier|Any CPU
		{D80F7684-C472-4A56-88B6-62689FE5171A}.testMidTier|Any CPU.Build.0 = testMidTier|Any CPU
		{F1045F7F-13FE-43CD-A751-4677BEBC28F8}.Debug|Any CPU.ActiveCfg = Debug|Any CPU
		{F1045F7F-13FE-43CD-A751-4677BEBC28F8}.Debug|Any CPU.Build.0 = Debug|Any CPU
		{F1045F7F-13FE-43CD-A751-4677BEBC28F8}.Release|Any CPU.ActiveCfg = Release|Any CPU
		{F1045F7F-13FE-43CD-A751-4677BEBC28F8}.Release|Any CPU.Build.0 = Release|Any CPU
		{F1045F7F-13FE-43CD-A751-4677BEBC28F8}.Debug|iPhoneSimulator.ActiveCfg = Debug|Any CPU
		{F1045F7F-13FE-43CD-A751-4677BEBC28F8}.Debug|iPhoneSimulator.Build.0 = Debug|Any CPU
		{F1045F7F-13FE-43CD-A751-4677BEBC28F8}.Release|iPhone.ActiveCfg = Release|Any CPU
		{F1045F7F-13FE-43CD-A751-4677BEBC28F8}.Release|iPhone.Build.0 = Release|Any CPU
		{F1045F7F-13FE-43CD-A751-4677BEBC28F8}.Release|iPhoneSimulator.ActiveCfg = Release|Any CPU
		{F1045F7F-13FE-43CD-A751-4677BEBC28F8}.Release|iPhoneSimulator.Build.0 = Release|Any CPU
		{F1045F7F-13FE-43CD-A751-4677BEBC28F8}.Debug|iPhone.ActiveCfg = Debug|Any CPU
		{F1045F7F-13FE-43CD-A751-4677BEBC28F8}.Debug|iPhone.Build.0 = Debug|Any CPU
		{F1045F7F-13FE-43CD-A751-4677BEBC28F8}.Debug|x86.ActiveCfg = Debug|Any CPU
		{F1045F7F-13FE-43CD-A751-4677BEBC28F8}.Debug|x86.Build.0 = Debug|Any CPU
		{F1045F7F-13FE-43CD-A751-4677BEBC28F8}.Release|x86.ActiveCfg = Release|Any CPU
		{F1045F7F-13FE-43CD-A751-4677BEBC28F8}.Release|x86.Build.0 = Release|Any CPU
		{F1045F7F-13FE-43CD-A751-4677BEBC28F8}.Three Tier|Any CPU.ActiveCfg = Debug|Any CPU
		{F1045F7F-13FE-43CD-A751-4677BEBC28F8}.Three Tier|Any CPU.Build.0 = Debug|Any CPU
		{F1045F7F-13FE-43CD-A751-4677BEBC28F8}.testMidTier|Any CPU.ActiveCfg = testMidTier|Any CPU
		{F1045F7F-13FE-43CD-A751-4677BEBC28F8}.testMidTier|Any CPU.Build.0 = testMidTier|Any CPU
		{983CB903-A04B-4605-92A4-81D7929BF65E}.Debug|Any CPU.ActiveCfg = Debug|Any CPU
		{983CB903-A04B-4605-92A4-81D7929BF65E}.Debug|Any CPU.Build.0 = Debug|Any CPU
		{983CB903-A04B-4605-92A4-81D7929BF65E}.Release|Any CPU.ActiveCfg = Release|Any CPU
		{983CB903-A04B-4605-92A4-81D7929BF65E}.Release|Any CPU.Build.0 = Release|Any CPU
		{983CB903-A04B-4605-92A4-81D7929BF65E}.Debug|iPhoneSimulator.ActiveCfg = Debug|Any CPU
		{983CB903-A04B-4605-92A4-81D7929BF65E}.Debug|iPhoneSimulator.Build.0 = Debug|Any CPU
		{983CB903-A04B-4605-92A4-81D7929BF65E}.Release|iPhone.ActiveCfg = Release|Any CPU
		{983CB903-A04B-4605-92A4-81D7929BF65E}.Release|iPhone.Build.0 = Release|Any CPU
		{983CB903-A04B-4605-92A4-81D7929BF65E}.Release|iPhoneSimulator.ActiveCfg = Release|Any CPU
		{983CB903-A04B-4605-92A4-81D7929BF65E}.Release|iPhoneSimulator.Build.0 = Release|Any CPU
		{983CB903-A04B-4605-92A4-81D7929BF65E}.Debug|iPhone.ActiveCfg = Debug|Any CPU
		{983CB903-A04B-4605-92A4-81D7929BF65E}.Debug|iPhone.Build.0 = Debug|Any CPU
		{983CB903-A04B-4605-92A4-81D7929BF65E}.Debug|x86.ActiveCfg = Debug|Any CPU
		{983CB903-A04B-4605-92A4-81D7929BF65E}.Debug|x86.Build.0 = Debug|Any CPU
		{983CB903-A04B-4605-92A4-81D7929BF65E}.Release|x86.ActiveCfg = Release|Any CPU
		{983CB903-A04B-4605-92A4-81D7929BF65E}.Release|x86.Build.0 = Release|Any CPU
		{983CB903-A04B-4605-92A4-81D7929BF65E}.Three Tier|Any CPU.ActiveCfg = Debug|Any CPU
		{983CB903-A04B-4605-92A4-81D7929BF65E}.Three Tier|Any CPU.Build.0 = Debug|Any CPU
		{983CB903-A04B-4605-92A4-81D7929BF65E}.testMidTier|Any CPU.ActiveCfg = testMidTier|Any CPU
		{983CB903-A04B-4605-92A4-81D7929BF65E}.testMidTier|Any CPU.Build.0 = testMidTier|Any CPU
	EndGlobalSection
	GlobalSection(MonoDevelopProperties) = preSolution
		Policies = $0
		$0.DotNetNamingPolicy = $1
		$1.DirectoryNamespaceAssociation = PrefixedHierarchical
	EndGlobalSection
EndGlobal
